
Microsoft Visual Studio Solution File, Format Version 12.00
Project("{FAE04EC0-301F-11D3-BF4B-00C04F79EFBC}") = "Week4_BinarySearch_Assign1", "Week4_BinarySearch_Assign1\Week4_BinarySearch_Assign1.csproj", "{9AACA381-2215-4EDE-990F-6EAC4D6F8127}"
EndProject
Global
	GlobalSection(SolutionConfigurationPlatforms) = preSolution
		Debug|Any CPU = Debug|Any CPU
		Release|Any CPU = Release|Any CPU
	EndGlobalSection
	GlobalSection(ProjectConfigurationPlatforms) = postSolution
		{9AACA381-2215-4EDE-990F-6EAC4D6F8127}.Debug|Any CPU.ActiveCfg = Debug|Any CPU
		{9AACA381-2215-4EDE-990F-6EAC4D6F8127}.Debug|Any CPU.Build.0 = Debug|Any CPU
		{9AACA381-2215-4EDE-990F-6EAC4D6F8127}.Release|Any CPU.ActiveCfg = Release|Any CPU
		{9AACA381-2215-4EDE-990F-6EAC4D6F8127}.Release|Any CPU.Build.0 = Release|Any CPU
	EndGlobalSection
EndGlobal
